
Microsoft Visual Studio Solution File, Format Version 12.00
# Visual Studio Version 17
VisualStudioVersion = 17.9.34728.123
MinimumVisualStudioVersion = 10.0.40219.1
Project("{FAE04EC0-301F-11D3-BF4B-00C04F79EFBC}") = "App1.Android", "App1.Android\App1.Android.csproj", "{949CF667-964F-4C3A-8780-A9CEFCE35139}"
EndProject
Project("{FAE04EC0-301F-11D3-BF4B-00C04F79EFBC}") = "App1", "App1\App1.csproj", "{2785D2A7-1878-4226-9460-091D3ADBEF32}"
EndProject
Project("{2150E333-8FDC-42A3-9474-1A3956D46DE8}") = "Элементы решения", "Элементы решения", "{34FE73E7-1EBC-4294-B4D8-6A09F036522E}"
	ProjectSection(SolutionItems) = preProject
		StyleSheet1.css = StyleSheet1.css
	EndProjectSection
EndProject
Global
	GlobalSection(SolutionConfigurationPlatforms) = preSolution
		Debug|Any CPU = Debug|Any CPU
		Release|Any CPU = Release|Any CPU
	EndGlobalSection
	GlobalSection(ProjectConfigurationPlatforms) = postSolution
		{949CF667-964F-4C3A-8780-A9CEFCE35139}.Debug|Any CPU.ActiveCfg = Debug|Any CPU
		{949CF667-964F-4C3A-8780-A9CEFCE35139}.Debug|Any CPU.Build.0 = Debug|Any CPU
		{949CF667-964F-4C3A-8780-A9CEFCE35139}.Debug|Any CPU.Deploy.0 = Debug|Any CPU
		{949CF667-964F-4C3A-8780-A9CEFCE35139}.Release|Any CPU.ActiveCfg = Release|Any CPU
		{949CF667-964F-4C3A-8780-A9CEFCE35139}.Release|Any CPU.Build.0 = Release|Any CPU
		{949CF667-964F-4C3A-8780-A9CEFCE35139}.Release|Any CPU.Deploy.0 = Release|Any CPU
		{2785D2A7-1878-4226-9460-091D3ADBEF32}.Debug|Any CPU.ActiveCfg = Debug|Any CPU
		{2785D2A7-1878-4226-9460-091D3ADBEF32}.Debug|Any CPU.Build.0 = Debug|Any CPU
		{2785D2A7-1878-4226-9460-091D3ADBEF32}.Debug|Any CPU.Deploy.0 = Debug|Any CPU
		{2785D2A7-1878-4226-9460-091D3ADBEF32}.Release|Any CPU.ActiveCfg = Release|Any CPU
		{2785D2A7-1878-4226-9460-091D3ADBEF32}.Release|Any CPU.Build.0 = Release|Any CPU
		{2785D2A7-1878-4226-9460-091D3ADBEF32}.Release|Any CPU.Deploy.0 = Release|Any CPU
	EndGlobalSection
	GlobalSection(SolutionProperties) = preSolution
		HideSolutionNode = FALSE
	EndGlobalSection
	GlobalSection(ExtensibilityGlobals) = postSolution
		SolutionGuid = {AF0F0C0F-A7A3-4BFB-9719-261896BDCA9F}
	EndGlobalSection
EndGlobal
